{
  "name": "integration-example-vercel-nodejs",
  "lockfileVersion": 2,
  "requires": true,
  "packages": {
    "": {
      "dependencies": {
        "dotenv-vault-core": "^0.2.0"
      }
    },
    "node_modules/dotenv": {
      "version": "16.0.3",
      "resolved": "https://registry.npmjs.org/dotenv/-/dotenv-16.0.3.tgz",
      "integrity": "sha512-7GO6HghkA5fYG9TYnNxi14/7K9f5occMlp3zXAuSxn7CKCxt9xbNWG7yF8hTCSUchlfWSe3uLmlPfigevRItzQ==",
      "engines": {
        "node": ">=12"
      }
    },
    "node_modules/dotenv-vault-core": {
      "version": "0.2.0",
      "resolved": "https://registry.npmjs.org/dotenv-vault-core/-/dotenv-vault-core-0.2.0.tgz",
      "integrity": "sha512-82HETIkT6oz0290xTuLrkFzh/VE9dyj3HAbvmO673GTnT16PxFFdbtz3lMcQOq005DjJWy9UeBxk2oPIlpczDg==",
      "dependencies": {
        "dotenv": "^16.0.3"
      },
      "engines": {
        "node": ">=12"
      }
    }
  },
  "dependencies": {
    "dotenv": {
      "version": "16.0.3",
      "resolved": "https://registry.npmjs.org/dotenv/-/dotenv-16.0.3.tgz",
      "integrity": "sha512-7GO6HghkA5fYG9TYnNxi14/7K9f5occMlp3zXAuSxn7CKCxt9xbNWG7yF8hTCSUchlfWSe3uLmlPfigevRItzQ=="
    },
    "dotenv-vault-core": {
      "version": "0.2.0",
      "resolved": "https://registry.npmjs.org/dotenv-vault-core/-/dotenv-vault-core-0.2.0.tgz",
      "integrity": "sha512-82HETIkT6oz0290xTuLrkFzh/VE9dyj3HAbvmO673GTnT16PxFFdbtz3lMcQOq005DjJWy9UeBxk2oPIlpczDg==",
      "requires": {
        "dotenv": "^16.0.3"
      }
    }
  }
}
